// !$*UTF8*$!
{
	archiveVersion = 1;
	classes = {
	};
	objectVersion = 56;
	objects = {

/* Begin PBXBuildFile section */
		C02A877929B772C300C522AA /* AppDelegate.swift in Sources */ = {isa = PBXBuildFile; fileRef = C02A877829B772C300C522AA /* AppDelegate.swift */; };
		C02A877B29B772C300C522AA /* SceneDelegate.swift in Sources */ = {isa = PBXBuildFile; fileRef = C02A877A29B772C300C522AA /* SceneDelegate.swift */; };
		C02A877D29B772C300C522AA /* ViewController.swift in Sources */ = {isa = PBXBuildFile; fileRef = C02A877C29B772C300C522AA /* ViewController.swift */; };
		C02A878029B772C300C522AA /* Main.storyboard in Resources */ = {isa = PBXBuildFile; fileRef = C02A877E29B772C300C522AA /* Main.storyboard */; };
		C02A878229B772C500C522AA /* Assets.xcassets in Resources */ = {isa = PBXBuildFile; fileRef = C02A878129B772C500C522AA /* Assets.xcassets */; };
		C02A878529B772C500C522AA /* LaunchScreen.storyboard in Resources */ = {isa = PBXBuildFile; fileRef = C02A878329B772C500C522AA /* LaunchScreen.storyboard */; };
		C0E030E729B77F7700F8F404 /* CellWithCollectionview.swift in Sources */ = {isa = PBXBuildFile; fileRef = C0E030E529B77F7700F8F404 /* CellWithCollectionview.swift */; };
		C0E030E829B77F7700F8F404 /* CellWithCollectionview.xib in Resources */ = {isa = PBXBuildFile; fileRef = C0E030E629B77F7700F8F404 /* CellWithCollectionview.xib */; };
		C0E030EC29B7802600F8F404 /* CellWithLabel.swift in Sources */ = {isa = PBXBuildFile; fileRef = C0E030EA29B7802600F8F404 /* CellWithLabel.swift */; };
		C0E030ED29B7802600F8F404 /* CellWithLabel.xib in Resources */ = {isa = PBXBuildFile; fileRef = C0E030EB29B7802600F8F404 /* CellWithLabel.xib */; };
/* End PBXBuildFile section */

/* Begin PBXFileReference section */
		C02A877529B772C300C522AA /* RecentSearchSectionExample.app */ = {isa = PBXFileReference; explicitFileType = wrapper.application; includeInIndex = 0; path = RecentSearchSectionExample.app; sourceTree = BUILT_PRODUCTS_DIR; };
		C02A877829B772C300C522AA /* AppDelegate.swift */ = {isa = PBXFileReference; lastKnownFileType = sourcecode.swift; path = AppDelegate.swift; sourceTree = "<group>"; };
		C02A877A29B772C300C522AA /* SceneDelegate.swift */ = {isa = PBXFileReference; lastKnownFileType = sourcecode.swift; path = SceneDelegate.swift; sourceTree = "<group>"; };
		C02A877C29B772C300C522AA /* ViewController.swift */ = {isa = PBXFileReference; lastKnownFileType = sourcecode.swift; path = ViewController.swift; sourceTree = "<group>"; };
		C02A877F29B772C300C522AA /* Base */ = {isa = PBXFileReference; lastKnownFileType = file.storyboard; name = Base; path = Base.lproj/Main.storyboard; sourceTree = "<group>"; };
		C02A878129B772C500C522AA /* Assets.xcassets */ = {isa = PBXFileReference; lastKnownFileType = folder.assetcatalog; path = Assets.xcassets; sourceTree = "<group>"; };
		C02A878429B772C500C522AA /* Base */ = {isa = PBXFileReference; lastKnownFileType = file.storyboard; name = Base; path = Base.lproj/LaunchScreen.storyboard; sourceTree = "<group>"; };
		C02A878629B772C500C522AA /* Info.plist */ = {isa = PBXFileReference; lastKnownFileType = text.plist.xml; path = Info.plist; sourceTree = "<group>"; };
		C0E030E529B77F7700F8F404 /* CellWithCollectionview.swift */ = {isa = PBXFileReference; lastKnownFileType = sourcecode.swift; path = CellWithCollectionview.swift; sourceTree = "<group>"; };
		C0E030E629B77F7700F8F404 /* CellWithCollectionview.xib */ = {isa = PBXFileReference; lastKnownFileType = file.xib; path = CellWithCollectionview.xib; sourceTree = "<group>"; };
		C0E030EA29B7802600F8F404 /* CellWithLabel.swift */ = {isa = PBXFileReference; lastKnownFileType = sourcecode.swift; path = CellWithLabel.swift; sourceTree = "<group>"; };
		C0E030EB29B7802600F8F404 /* CellWithLabel.xib */ = {isa = PBXFileReference; lastKnownFileType = file.xib; path = CellWithLabel.xib; sourceTree = "<group>"; };
/* End PBXFileReference section */

/* Begin PBXFrameworksBuildPhase section */
		C02A877229B772C300C522AA /* Frameworks */ = {
			isa = PBXFrameworksBuildPhase;
			buildActionMask = 2147483647;
			files = (
			);
			runOnlyForDeploymentPostprocessing = 0;
		};
/* End PBXFrameworksBuildPhase section */

/* Begin PBXGroup section */
		C02A876C29B772C300C522AA = {
			isa = PBXGroup;
			children = (
				C02A877729B772C300C522AA /* RecentSearchSectionExample */,
				C02A877629B772C300C522AA /* Products */,
			);
			sourceTree = "<group>";
		};
		C02A877629B772C300C522AA /* Products */ = {
			isa = PBXGroup;
			children = (
				C02A877529B772C300C522AA /* RecentSearchSectionExample.app */,
			);
			name = Products;
			sourceTree = "<group>";
		};
		C02A877729B772C300C522AA /* RecentSearchSectionExample */ = {
			isa = PBXGroup;
			children = (
				C02A877829B772C300C522AA /* AppDelegate.swift */,
				C02A877A29B772C300C522AA /* SceneDelegate.swift */,
				C02A877C29B772C300C522AA /* ViewController.swift */,
				C02A877E29B772C300C522AA /* Main.storyboard */,
				C02A878129B772C500C522AA /* Assets.xcassets */,
				C02A878329B772C500C522AA /* LaunchScreen.storyboard */,
				C02A878629B772C500C522AA /* Info.plist */,
				C0E030E529B77F7700F8F404 /* CellWithCollectionview.swift */,
				C0E030E629B77F7700F8F404 /* CellWithCollectionview.xib */,
				C0E030EA29B7802600F8F404 /* CellWithLabel.swift */,
				C0E030EB29B7802600F8F404 /* CellWithLabel.xib */,
			);
			path = RecentSearchSectionExample;
			sourceTree = "<group>";
		};
/* End PBXGroup section */

/* Begin PBXNativeTarget section */
		C02A877429B772C300C522AA /* RecentSearchSectionExample */ = {
			isa = PBXNativeTarget;
			buildConfigurationList = C02A878929B772C500C522AA /* Build configuration list for PBXNativeTarget "RecentSearchSectionExample" */;
			buildPhases = (
				C02A877129B772C300C522AA /* Sources */,
				C02A877229B772C300C522AA /* Frameworks */,
				C02A877329B772C300C522AA /* Resources */,
			);
			buildRules = (
			);
			dependencies = (
			);
			name = RecentSearchSectionExample;
			productName = RecentSearchSectionExample;
			productReference = C02A877529B772C300C522AA /* RecentSearchSectionExample.app */;
			productType = "com.apple.product-type.application";
		};
/* End PBXNativeTarget section */

/* Begin PBXProject section */
		C02A876D29B772C300C522AA /* Project object */ = {
			isa = PBXProject;
			attributes = {
				BuildIndependentTargetsInParallel = 1;
				LastSwiftUpdateCheck = 1420;
				LastUpgradeCheck = 1420;
				TargetAttributes = {
					C02A877429B772C300C522AA = {
						CreatedOnToolsVersion = 14.2;
					};
				};
			};
			buildConfigurationList = C02A877029B772C300C522AA /* Build configuration list for PBXProject "RecentSearchSectionExample" */;
			compatibilityVersion = "Xcode 14.0";
			developmentRegion = en;
			hasScannedForEncodings = 0;
			knownRegions = (
				en,
				Base,
			);
			mainGroup = C02A876C29B772C300C522AA;
			productRefGroup = C02A877629B772C300C522AA /* Products */;
			projectDirPath = "";
			projectRoot = "";
			targets = (
				C02A877429B772C300C522AA /* RecentSearchSectionExample */,
			);
		};
/* End PBXProject section */

/* Begin PBXResourcesBuildPhase section */
		C02A877329B772C300C522AA /* Resources */ = {
			isa = PBXResourcesBuildPhase;
			buildActionMask = 2147483647;
			files = (
				C02A878529B772C500C522AA /* LaunchScreen.storyboard in Resources */,
				C02A878229B772C500C522AA /* Assets.xcassets in Resources */,
				C0E030E829B77F7700F8F404 /* CellWithCollectionview.xib in Resources */,
				C02A878029B772C300C522AA /* Main.storyboard in Resources */,
				C0E030ED29B7802600F8F404 /* CellWithLabel.xib in Resources */,
			);
			runOnlyForDeploymentPostprocessing = 0;
		};
/* End PBXResourcesBuildPhase section */

/* Begin PBXSourcesBuildPhase section */
		C02A877129B772C300C522AA /* Sources */ = {
			isa = PBXSourcesBuildPhase;
			buildActionMask = 2147483647;
			files = (
				C02A877D29B772C300C522AA /* ViewController.swift in Sources */,
				C02A877929B772C300C522AA /* AppDelegate.swift in Sources */,
				C0E030E729B77F7700F8F404 /* CellWithCollectionview.swift in Sources */,
				C0E030EC29B7802600F8F404 /* CellWithLabel.swift in Sources */,
				C02A877B29B772C300C522AA /* SceneDelegate.swift in Sources */,
			);
			runOnlyForDeploymentPostprocessing = 0;
		};
/* End PBXSourcesBuildPhase section */

/* Begin PBXVariantGroup section */
		C02A877E29B772C300C522AA /* Main.storyboard */ = {
			isa = PBXVariantGroup;
			children = (
				C02A877F29B772C300C522AA /* Base */,
			);
			name = Main.storyboard;
			sourceTree = "<group>";
		};
		C02A878329B772C500C522AA /* LaunchScreen.storyboard */ = {
			isa = PBXVariantGroup;
			children = (
				C02A878429B772C500C522AA /* Base */,
			);
			name = LaunchScreen.storyboard;
			sourceTree = "<group>";
		};
/* End PBXVariantGroup section */

/* Begin XCBuildConfiguration section */
		C02A878729B772C500C522AA /* Debug */ = {
			isa = XCBuildConfiguration;
			buildSettings = {
				ALWAYS_SEARCH_USER_PATHS = NO;
				CLANG_ANALYZER_NONNULL = YES;
				CLANG_ANALYZER_NUMBER_OBJECT_CONVERSION = YES_AGGRESSIVE;
				CLANG_CXX_LANGUAGE_STANDARD = "gnu++20";
				CLANG_ENABLE_MODULES = YES;
				CLANG_ENABLE_OBJC_ARC = YES;
				CLANG_ENABLE_OBJC_WEAK = YES;
				CLANG_WARN_BLOCK_CAPTURE_AUTORELEASING = YES;
				CLANG_WARN_BOOL_CONVERSION = YES;
				CLANG_WARN_COMMA = YES;
				CLANG_WARN_CONSTANT_CONVERSION = YES;
				CLANG_WARN_DEPRECATED_OBJC_IMPLEMENTATIONS = YES;
				CLANG_WARN_DIRECT_OBJC_ISA_USAGE = YES_ERROR;
				CLANG_WARN_DOCUMENTATION_COMMENTS = YES;
				CLANG_WARN_EMPTY_BODY = YES;
				CLANG_WARN_ENUM_CONVERSION = YES;
				CLANG_WARN_INFINITE_RECURSION = YES;
				CLANG_WARN_INT_CONVERSION = YES;
				CLANG_WARN_NON_LITERAL_NULL_CONVERSION = YES;
				CLANG_WARN_OBJC_IMPLICIT_RETAIN_SELF = YES;
				CLANG_WARN_OBJC_LITERAL_CONVERSION = YES;
				CLANG_WARN_OBJC_ROOT_CLASS = YES_ERROR;
				CLANG_WARN_QUOTED_INCLUDE_IN_FRAMEWORK_HEADER = YES;
				CLANG_WARN_RANGE_LOOP_ANALYSIS = YES;
				CLANG_WARN_STRICT_PROTOTYPES = YES;
				CLANG_WARN_SUSPICIOUS_MOVE = YES;
				CLANG_WARN_UNGUARDED_AVAILABILITY = YES_AGGRESSIVE;
				CLANG_WARN_UNREACHABLE_CODE = YES;
				CLANG_WARN__DUPLICATE_METHOD_MATCH = YES;
				COPY_PHASE_STRIP = NO;
				DEBUG_INFORMATION_FORMAT = dwarf;
				ENABLE_STRICT_OBJC_MSGSEND = YES;
				ENABLE_TESTABILITY = YES;
				GCC_C_LANGUAGE_STANDARD = gnu11;
				GCC_DYNAMIC_NO_PIC = NO;
				GCC_NO_COMMON_BLOCKS = YES;
				GCC_OPTIMIZATION_LEVEL = 0;
				GCC_PREPROCESSOR_DEFINITIONS = (
					"DEBUG=1",
					"$(inherited)",
				);
				GCC_WARN_64_TO_32_BIT_CONVERSION = YES;
				GCC_WARN_ABOUT_RETURN_TYPE = YES_ERROR;
				GCC_WARN_UNDECLARED_SELECTOR = YES;
				GCC_WARN_UNINITIALIZED_AUTOS = YES_AGGRESSIVE;
				GCC_WARN_UNUSED_FUNCTION = YES;
				GCC_WARN_UNUSED_VARIABLE = YES;
				IPHONEOS_DEPLOYMENT_TARGET = 16.0;
				MTL_ENABLE_DEBUG_INFO = INCLUDE_SOURCE;
				MTL_FAST_MATH = YES;
				ONLY_ACTIVE_ARCH = YES;
				SDKROOT = iphoneos;
				SWIFT_ACTIVE_COMPILATION_CONDITIONS = DEBUG;
				SWIFT_OPTIMIZATION_LEVEL = "-Onone";
			};
			name = Debug;
		};
		C02A878829B772C500C522AA /* Release */ = {
			isa = XCBuildConfiguration;
			buildSettings = {
				ALWAYS_SEARCH_USER_PATHS = NO;
				CLANG_ANALYZER_NONNULL = YES;
				CLANG_ANALYZER_NUMBER_OBJECT_CONVERSION = YES_AGGRESSIVE;
				CLANG_CXX_LANGUAGE_STANDARD = "gnu++20";
				CLANG_ENABLE_MODULES = YES;
				CLANG_ENABLE_OBJC_ARC = YES;
				CLANG_ENABLE_OBJC_WEAK = YES;
				CLANG_WARN_BLOCK_CAPTURE_AUTORELEASING = YES;
				CLANG_WARN_BOOL_CONVERSION = YES;
				CLANG_WARN_COMMA = YES;
				CLANG_WARN_CONSTANT_CONVERSION = YES;
				CLANG_WARN_DEPRECATED_OBJC_IMPLEMENTATIONS = YES;
				CLANG_WARN_DIRECT_OBJC_ISA_USAGE = YES_ERROR;
				CLANG_WARN_DOCUMENTATION_COMMENTS = YES;
				CLANG_WARN_EMPTY_BODY = YES;
				CLANG_WARN_ENUM_CONVERSION = YES;
				CLANG_WARN_INFINITE_RECURSION = YES;
				CLANG_WARN_INT_CONVERSION = YES;
				CLANG_WARN_NON_LITERAL_NULL_CONVERSION = YES;
				CLANG_WARN_OBJC_IMPLICIT_RETAIN_SELF = YES;
				CLANG_WARN_OBJC_LITERAL_CONVERSION = YES;
				CLANG_WARN_OBJC_ROOT_CLASS = YES_ERROR;
				CLANG_WARN_QUOTED_INCLUDE_IN_FRAMEWORK_HEADER = YES;
				CLANG_WARN_RANGE_LOOP_ANALYSIS = YES;
				CLANG_WARN_STRICT_PROTOTYPES = YES;
				CLANG_WARN_SUSPICIOUS_MOVE = YES;
				CLANG_WARN_UNGUARDED_AVAILABILITY = YES_AGGRESSIVE;
				CLANG_WARN_UNREACHABLE_CODE = YES;
				CLANG_WARN__DUPLICATE_METHOD_MATCH = YES;
				COPY_PHASE_STRIP = NO;
				DEBUG_INFORMATION_FORMAT = "dwarf-with-dsym";
				ENABLE_NS_ASSERTIONS = NO;
				ENABLE_STRICT_OBJC_MSGSEND = YES;
				GCC_C_LANGUAGE_STANDARD = gnu11;
				GCC_NO_COMMON_BLOCKS = YES;
				GCC_WARN_64_TO_32_BIT_CONVERSION = YES;
				GCC_WARN_ABOUT_RETURN_TYPE = YES_ERROR;
				GCC_WARN_UNDECLARED_SELECTOR = YES;
				GCC_WARN_UNINITIALIZED_AUTOS = YES_AGGRESSIVE;
				GCC_WARN_UNUSED_FUNCTION = YES;
				GCC_WARN_UNUSED_VARIABLE = YES;
				IPHONEOS_DEPLOYMENT_TARGET = 16.0;
				MTL_ENABLE_DEBUG_INFO = NO;
				MTL_FAST_MATH = YES;
				SDKROOT = iphoneos;
				SWIFT_COMPILATION_MODE = wholemodule;
				SWIFT_OPTIMIZATION_LEVEL = "-O";
				VALIDATE_PRODUCT = YES;
			};
			name = Release;
		};
		C02A878A29B772C500C522AA /* Debug */ = {
			isa = XCBuildConfiguration;
			buildSettings = {
				ASSETCATALOG_COMPILER_APPICON_NAME = AppIcon;
				ASSETCATALOG_COMPILER_GLOBAL_ACCENT_COLOR_NAME = AccentColor;
				CODE_SIGN_STYLE = Automatic;
				CURRENT_PROJECT_VERSION = 1;
				DEVELOPMENT_TEAM = 9T6VTX7NFQ;
				GENERATE_INFOPLIST_FILE = YES;
				INFOPLIST_FILE = RecentSearchSectionExample/Info.plist;
				INFOPLIST_KEY_UIApplicationSupportsIndirectInputEvents = YES;
				INFOPLIST_KEY_UILaunchStoryboardName = LaunchScreen;
				INFOPLIST_KEY_UIMainStoryboardFile = Main;
				INFOPLIST_KEY_UISupportedInterfaceOrientations_iPad = "UIInterfaceOrientationPortrait UIInterfaceOrientationPortraitUpsideDown UIInterfaceOrientationLandscapeLeft UIInterfaceOrientationLandscapeRight";
				INFOPLIST_KEY_UISupportedInterfaceOrientations_iPhone = "UIInterfaceOrientationPortrait UIInterfaceOrientationLandscapeLeft UIInterfaceOrientationLandscapeRight";
				IPHONEOS_DEPLOYMENT_TARGET = 16.0;
				LD_RUNPATH_SEARCH_PATHS = (
					"$(inherited)",
					"@executable_path/Frameworks",
				);
				MARKETING_VERSION = 1.0;
				PRODUCT_BUNDLE_IDENTIFIER = com.zeusEX.com.RecentSearchSectionExample;
				PRODUCT_NAME = "$(TARGET_NAME)";
				SWIFT_EMIT_LOC_STRINGS = YES;
				SWIFT_VERSION = 5.0;
				TARGETED_DEVICE_FAMILY = "1,2";
			};
			name = Debug;
		};
		C02A878B29B772C500C522AA /* Release */ = {
			isa = XCBuildConfiguration;
			buildSettings = {
				ASSETCATALOG_COMPILER_APPICON_NAME = AppIcon;
				ASSETCATALOG_COMPILER_GLOBAL_ACCENT_COLOR_NAME = AccentColor;
				CODE_SIGN_STYLE = Automatic;
				CURRENT_PROJECT_VERSION = 1;
				DEVELOPMENT_TEAM = 9T6VTX7NFQ;
				GENERATE_INFOPLIST_FILE = YES;
				INFOPLIST_FILE = RecentSearchSectionExample/Info.plist;
				INFOPLIST_KEY_UIApplicationSupportsIndirectInputEvents = YES;
				INFOPLIST_KEY_UILaunchStoryboardName = LaunchScreen;
				INFOPLIST_KEY_UIMainStoryboardFile = Main;
				INFOPLIST_KEY_UISupportedInterfaceOrientations_iPad = "UIInterfaceOrientationPortrait UIInterfaceOrientationPortraitUpsideDown UIInterfaceOrientationLandscapeLeft UIInterfaceOrientationLandscapeRight";
				INFOPLIST_KEY_UISupportedInterfaceOrientations_iPhone = "UIInterfaceOrientationPortrait UIInterfaceOrientationLandscapeLeft UIInterfaceOrientationLandscapeRight";
				IPHONEOS_DEPLOYMENT_TARGET = 16.0;
				LD_RUNPATH_SEARCH_PATHS = (
					"$(inherited)",
					"@executable_path/Frameworks",
				);
				MARKETING_VERSION = 1.0;
				PRODUCT_BUNDLE_IDENTIFIER = com.zeusEX.com.RecentSearchSectionExample;
				PRODUCT_NAME = "$(TARGET_NAME)";
				SWIFT_EMIT_LOC_STRINGS = YES;
				SWIFT_VERSION = 5.0;
				TARGETED_DEVICE_FAMILY = "1,2";
			};
			name = Release;
		};
/* End XCBuildConfiguration section */

/* Begin XCConfigurationList section */
		C02A877029B772C300C522AA /* Build configuration list for PBXProject "RecentSearchSectionExample" */ = {
			isa = XCConfigurationList;
			buildConfigurations = (
				C02A878729B772C500C522AA /* Debug */,
				C02A878829B772C500C522AA /* Release */,
			);
			defaultConfigurationIsVisible = 0;
			defaultConfigurationName = Release;
		};
		C02A878929B772C500C522AA /* Build configuration list for PBXNativeTarget "RecentSearchSectionExample" */ = {
			isa = XCConfigurationList;
			buildConfigurations = (
				C02A878A29B772C500C522AA /* Debug */,
				C02A878B29B772C500C522AA /* Release */,
			);
			defaultConfigurationIsVisible = 0;
			defaultConfigurationName = Release;
		};
/* End XCConfigurationList section */
	};
	rootObject = C02A876D29B772C300C522AA /* Project object */;
}
